
Microsoft Visual Studio Solution File, Format Version 12.00
# Visual Studio 2012
Project("{FAE04EC0-301F-11D3-BF4B-00C04F79EFBC}") = "OutlookAddIn22", "OutlookAddIn22\OutlookAddIn22.csproj", "{190AD5AB-F8E4-404F-AAD5-9550898E2BCC}"
EndProject
Global
	GlobalSection(SolutionConfigurationPlatforms) = preSolution
		Debug|Any CPU = Debug|Any CPU
		Release|Any CPU = Release|Any CPU
	EndGlobalSection
	GlobalSection(ProjectConfigurationPlatforms) = postSolution
		{190AD5AB-F8E4-404F-AAD5-9550898E2BCC}.Debug|Any CPU.ActiveCfg = Debug|Any CPU
		{190AD5AB-F8E4-404F-AAD5-9550898E2BCC}.Debug|Any CPU.Build.0 = Debug|Any CPU
		{190AD5AB-F8E4-404F-AAD5-9550898E2BCC}.Release|Any CPU.ActiveCfg = Release|Any CPU
		{190AD5AB-F8E4-404F-AAD5-9550898E2BCC}.Release|Any CPU.Build.0 = Release|Any CPU
	EndGlobalSection
	GlobalSection(SolutionProperties) = preSolution
		HideSolutionNode = FALSE
	EndGlobalSection
EndGlobal
